// !$*UTF8*$!
{
	archiveVersion = 1;
	classes = {
	};
	objectVersion = 46;
	objects = {

/* Begin PBXBuildFile section */
		1D1B24361A16C78B00F9EDD7 /* AppDelegate.swift in Sources */ = {isa = PBXBuildFile; fileRef = 1D1B24351A16C78B00F9EDD7 /* AppDelegate.swift */; };
		1D1B24381A16C78B00F9EDD7 /* LibraryViewController.swift in Sources */ = {isa = PBXBuildFile; fileRef = 1D1B24371A16C78B00F9EDD7 /* LibraryViewController.swift */; };
		1D1B243B1A16C78B00F9EDD7 /* Main.storyboard in Resources */ = {isa = PBXBuildFile; fileRef = 1D1B24391A16C78B00F9EDD7 /* Main.storyboard */; };
		1D1B243D1A16C78B00F9EDD7 /* Images.xcassets in Resources */ = {isa = PBXBuildFile; fileRef = 1D1B243C1A16C78B00F9EDD7 /* Images.xcassets */; };
		1D1B24401A16C78B00F9EDD7 /* LaunchScreen.xib in Resources */ = {isa = PBXBuildFile; fileRef = 1D1B243E1A16C78B00F9EDD7 /* LaunchScreen.xib */; };
		1D1B244C1A16C78B00F9EDD7 /* PublicLibraryDemoTests.swift in Sources */ = {isa = PBXBuildFile; fileRef = 1D1B244B1A16C78B00F9EDD7 /* PublicLibraryDemoTests.swift */; };
		1D1B24561A16C79900F9EDD7 /* Public Library.swift in Sources */ = {isa = PBXBuildFile; fileRef = 1D1B24551A16C79900F9EDD7 /* Public Library.swift */; };
		1D1B24581A16CD4A00F9EDD7 /* ShelfViewController.swift in Sources */ = {isa = PBXBuildFile; fileRef = 1D1B24571A16CD4A00F9EDD7 /* ShelfViewController.swift */; };
		1D1B245A1A16D4F900F9EDD7 /* BookViewController.swift in Sources */ = {isa = PBXBuildFile; fileRef = 1D1B24591A16D4F900F9EDD7 /* BookViewController.swift */; };
		1D1B245C1A16D8FF00F9EDD7 /* SampleLibraries.swift in Sources */ = {isa = PBXBuildFile; fileRef = 1D1B245B1A16D8FF00F9EDD7 /* SampleLibraries.swift */; };
/* End PBXBuildFile section */

/* Begin PBXContainerItemProxy section */
		1D1B24461A16C78B00F9EDD7 /* PBXContainerItemProxy */ = {
			isa = PBXContainerItemProxy;
			containerPortal = 1D1B24281A16C78A00F9EDD7 /* Project object */;
			proxyType = 1;
			remoteGlobalIDString = 1D1B242F1A16C78A00F9EDD7;
			remoteInfo = PublicLibraryDemo;
		};
/* End PBXContainerItemProxy section */

/* Begin PBXFileReference section */
		1D1B24301A16C78A00F9EDD7 /* PublicLibraryDemo.app */ = {isa = PBXFileReference; explicitFileType = wrapper.application; includeInIndex = 0; path = PublicLibraryDemo.app; sourceTree = BUILT_PRODUCTS_DIR; };
		1D1B24341A16C78B00F9EDD7 /* Info.plist */ = {isa = PBXFileReference; lastKnownFileType = text.plist.xml; path = Info.plist; sourceTree = "<group>"; };
		1D1B24351A16C78B00F9EDD7 /* AppDelegate.swift */ = {isa = PBXFileReference; lastKnownFileType = sourcecode.swift; path = AppDelegate.swift; sourceTree = "<group>"; };
		1D1B24371A16C78B00F9EDD7 /* LibraryViewController.swift */ = {isa = PBXFileReference; lastKnownFileType = sourcecode.swift; path = LibraryViewController.swift; sourceTree = "<group>"; };
		1D1B243A1A16C78B00F9EDD7 /* Base */ = {isa = PBXFileReference; lastKnownFileType = file.storyboard; name = Base; path = Base.lproj/Main.storyboard; sourceTree = "<group>"; };
		1D1B243C1A16C78B00F9EDD7 /* Images.xcassets */ = {isa = PBXFileReference; lastKnownFileType = folder.assetcatalog; path = Images.xcassets; sourceTree = "<group>"; };
		1D1B243F1A16C78B00F9EDD7 /* Base */ = {isa = PBXFileReference; lastKnownFileType = file.xib; name = Base; path = Base.lproj/LaunchScreen.xib; sourceTree = "<group>"; };
		1D1B24451A16C78B00F9EDD7 /* PublicLibraryDemoTests.xctest */ = {isa = PBXFileReference; explicitFileType = wrapper.cfbundle; includeInIndex = 0; path = PublicLibraryDemoTests.xctest; sourceTree = BUILT_PRODUCTS_DIR; };
		1D1B244A1A16C78B00F9EDD7 /* Info.plist */ = {isa = PBXFileReference; lastKnownFileType = text.plist.xml; path = Info.plist; sourceTree = "<group>"; };
		1D1B244B1A16C78B00F9EDD7 /* PublicLibraryDemoTests.swift */ = {isa = PBXFileReference; lastKnownFileType = sourcecode.swift; path = PublicLibraryDemoTests.swift; sourceTree = "<group>"; };
		1D1B24551A16C79900F9EDD7 /* Public Library.swift */ = {isa = PBXFileReference; fileEncoding = 4; lastKnownFileType = sourcecode.swift; path = "Public Library.swift"; sourceTree = "<group>"; };
		1D1B24571A16CD4A00F9EDD7 /* ShelfViewController.swift */ = {isa = PBXFileReference; fileEncoding = 4; lastKnownFileType = sourcecode.swift; path = ShelfViewController.swift; sourceTree = "<group>"; };
		1D1B24591A16D4F900F9EDD7 /* BookViewController.swift */ = {isa = PBXFileReference; fileEncoding = 4; lastKnownFileType = sourcecode.swift; path = BookViewController.swift; sourceTree = "<group>"; };
		1D1B245B1A16D8FF00F9EDD7 /* SampleLibraries.swift */ = {isa = PBXFileReference; fileEncoding = 4; lastKnownFileType = sourcecode.swift; path = SampleLibraries.swift; sourceTree = "<group>"; };
/* End PBXFileReference section */

/* Begin PBXFrameworksBuildPhase section */
		1D1B242D1A16C78A00F9EDD7 /* Frameworks */ = {
			isa = PBXFrameworksBuildPhase;
			buildActionMask = 2147483647;
			files = (
			);
			runOnlyForDeploymentPostprocessing = 0;
		};
		1D1B24421A16C78B00F9EDD7 /* Frameworks */ = {
			isa = PBXFrameworksBuildPhase;
			buildActionMask = 2147483647;
			files = (
			);
			runOnlyForDeploymentPostprocessing = 0;
		};
/* End PBXFrameworksBuildPhase section */

/* Begin PBXGroup section */
		1D1B24271A16C78A00F9EDD7 = {
			isa = PBXGroup;
			children = (
				1D1B24321A16C78A00F9EDD7 /* PublicLibraryDemo */,
				1D1B24481A16C78B00F9EDD7 /* PublicLibraryDemoTests */,
				1D1B24311A16C78A00F9EDD7 /* Products */,
			);
			sourceTree = "<group>";
		};
		1D1B24311A16C78A00F9EDD7 /* Products */ = {
			isa = PBXGroup;
			children = (
				1D1B24301A16C78A00F9EDD7 /* PublicLibraryDemo.app */,
				1D1B24451A16C78B00F9EDD7 /* PublicLibraryDemoTests.xctest */,
			);
			name = Products;
			sourceTree = "<group>";
		};
		1D1B24321A16C78A00F9EDD7 /* PublicLibraryDemo */ = {
			isa = PBXGroup;
			children = (
				1D1B24351A16C78B00F9EDD7 /* AppDelegate.swift */,
				1D1B24371A16C78B00F9EDD7 /* LibraryViewController.swift */,
				1D1B24591A16D4F900F9EDD7 /* BookViewController.swift */,
				1D1B24571A16CD4A00F9EDD7 /* ShelfViewController.swift */,
				1D1B24551A16C79900F9EDD7 /* Public Library.swift */,
				1D1B24391A16C78B00F9EDD7 /* Main.storyboard */,
				1D1B243C1A16C78B00F9EDD7 /* Images.xcassets */,
				1D1B243E1A16C78B00F9EDD7 /* LaunchScreen.xib */,
				1D1B24331A16C78B00F9EDD7 /* Supporting Files */,
				1D1B245B1A16D8FF00F9EDD7 /* SampleLibraries.swift */,
			);
			path = PublicLibraryDemo;
			sourceTree = "<group>";
		};
		1D1B24331A16C78B00F9EDD7 /* Supporting Files */ = {
			isa = PBXGroup;
			children = (
				1D1B24341A16C78B00F9EDD7 /* Info.plist */,
			);
			name = "Supporting Files";
			sourceTree = "<group>";
		};
		1D1B24481A16C78B00F9EDD7 /* PublicLibraryDemoTests */ = {
			isa = PBXGroup;
			children = (
				1D1B244B1A16C78B00F9EDD7 /* PublicLibraryDemoTests.swift */,
				1D1B24491A16C78B00F9EDD7 /* Supporting Files */,
			);
			path = PublicLibraryDemoTests;
			sourceTree = "<group>";
		};
		1D1B24491A16C78B00F9EDD7 /* Supporting Files */ = {
			isa = PBXGroup;
			children = (
				1D1B244A1A16C78B00F9EDD7 /* Info.plist */,
			);
			name = "Supporting Files";
			sourceTree = "<group>";
		};
/* End PBXGroup section */

/* Begin PBXNativeTarget section */
		1D1B242F1A16C78A00F9EDD7 /* PublicLibraryDemo */ = {
			isa = PBXNativeTarget;
			buildConfigurationList = 1D1B244F1A16C78B00F9EDD7 /* Build configuration list for PBXNativeTarget "PublicLibraryDemo" */;
			buildPhases = (
				1D1B242C1A16C78A00F9EDD7 /* Sources */,
				1D1B242D1A16C78A00F9EDD7 /* Frameworks */,
				1D1B242E1A16C78A00F9EDD7 /* Resources */,
			);
			buildRules = (
			);
			dependencies = (
			);
			name = PublicLibraryDemo;
			productName = PublicLibraryDemo;
			productReference = 1D1B24301A16C78A00F9EDD7 /* PublicLibraryDemo.app */;
			productType = "com.apple.product-type.application";
		};
		1D1B24441A16C78B00F9EDD7 /* PublicLibraryDemoTests */ = {
			isa = PBXNativeTarget;
			buildConfigurationList = 1D1B24521A16C78B00F9EDD7 /* Build configuration list for PBXNativeTarget "PublicLibraryDemoTests" */;
			buildPhases = (
				1D1B24411A16C78B00F9EDD7 /* Sources */,
				1D1B24421A16C78B00F9EDD7 /* Frameworks */,
				1D1B24431A16C78B00F9EDD7 /* Resources */,
			);
			buildRules = (
			);
			dependencies = (
				1D1B24471A16C78B00F9EDD7 /* PBXTargetDependency */,
			);
			name = PublicLibraryDemoTests;
			productName = PublicLibraryDemoTests;
			productReference = 1D1B24451A16C78B00F9EDD7 /* PublicLibraryDemoTests.xctest */;
			productType = "com.apple.product-type.bundle.unit-test";
		};
/* End PBXNativeTarget section */

/* Begin PBXProject section */
		1D1B24281A16C78A00F9EDD7 /* Project object */ = {
			isa = PBXProject;
			attributes = {
				LastUpgradeCheck = 0610;
				ORGANIZATIONNAME = "Pho Diep";
				TargetAttributes = {
					1D1B242F1A16C78A00F9EDD7 = {
						CreatedOnToolsVersion = 6.1;
					};
					1D1B24441A16C78B00F9EDD7 = {
						CreatedOnToolsVersion = 6.1;
						TestTargetID = 1D1B242F1A16C78A00F9EDD7;
					};
				};
			};
			buildConfigurationList = 1D1B242B1A16C78A00F9EDD7 /* Build configuration list for PBXProject "PublicLibraryDemo" */;
			compatibilityVersion = "Xcode 3.2";
			developmentRegion = English;
			hasScannedForEncodings = 0;
			knownRegions = (
				en,
				Base,
			);
			mainGroup = 1D1B24271A16C78A00F9EDD7;
			productRefGroup = 1D1B24311A16C78A00F9EDD7 /* Products */;
			projectDirPath = "";
			projectRoot = "";
			targets = (
				1D1B242F1A16C78A00F9EDD7 /* PublicLibraryDemo */,
				1D1B24441A16C78B00F9EDD7 /* PublicLibraryDemoTests */,
			);
		};
/* End PBXProject section */

/* Begin PBXResourcesBuildPhase section */
		1D1B242E1A16C78A00F9EDD7 /* Resources */ = {
			isa = PBXResourcesBuildPhase;
			buildActionMask = 2147483647;
			files = (
				1D1B243B1A16C78B00F9EDD7 /* Main.storyboard in Resources */,
				1D1B24401A16C78B00F9EDD7 /* LaunchScreen.xib in Resources */,
				1D1B243D1A16C78B00F9EDD7 /* Images.xcassets in Resources */,
			);
			runOnlyForDeploymentPostprocessing = 0;
		};
		1D1B24431A16C78B00F9EDD7 /* Resources */ = {
			isa = PBXResourcesBuildPhase;
			buildActionMask = 2147483647;
			files = (
			);
			runOnlyForDeploymentPostprocessing = 0;
		};
/* End PBXResourcesBuildPhase section */

/* Begin PBXSourcesBuildPhase section */
		1D1B242C1A16C78A00F9EDD7 /* Sources */ = {
			isa = PBXSourcesBuildPhase;
			buildActionMask = 2147483647;
			files = (
				1D1B24381A16C78B00F9EDD7 /* LibraryViewController.swift in Sources */,
				1D1B24581A16CD4A00F9EDD7 /* ShelfViewController.swift in Sources */,
				1D1B245A1A16D4F900F9EDD7 /* BookViewController.swift in Sources */,
				1D1B24361A16C78B00F9EDD7 /* AppDelegate.swift in Sources */,
				1D1B24561A16C79900F9EDD7 /* Public Library.swift in Sources */,
				1D1B245C1A16D8FF00F9EDD7 /* SampleLibraries.swift in Sources */,
			);
			runOnlyForDeploymentPostprocessing = 0;
		};
		1D1B24411A16C78B00F9EDD7 /* Sources */ = {
			isa = PBXSourcesBuildPhase;
			buildActionMask = 2147483647;
			files = (
				1D1B244C1A16C78B00F9EDD7 /* PublicLibraryDemoTests.swift in Sources */,
			);
			runOnlyForDeploymentPostprocessing = 0;
		};
/* End PBXSourcesBuildPhase section */

/* Begin PBXTargetDependency section */
		1D1B24471A16C78B00F9EDD7 /* PBXTargetDependency */ = {
			isa = PBXTargetDependency;
			target = 1D1B242F1A16C78A00F9EDD7 /* PublicLibraryDemo */;
			targetProxy = 1D1B24461A16C78B00F9EDD7 /* PBXContainerItemProxy */;
		};
/* End PBXTargetDependency section */

/* Begin PBXVariantGroup section */
		1D1B24391A16C78B00F9EDD7 /* Main.storyboard */ = {
			isa = PBXVariantGroup;
			children = (
				1D1B243A1A16C78B00F9EDD7 /* Base */,
			);
			name = Main.storyboard;
			sourceTree = "<group>";
		};
		1D1B243E1A16C78B00F9EDD7 /* LaunchScreen.xib */ = {
			isa = PBXVariantGroup;
			children = (
				1D1B243F1A16C78B00F9EDD7 /* Base */,
			);
			name = LaunchScreen.xib;
			sourceTree = "<group>";
		};
/* End PBXVariantGroup section */

/* Begin XCBuildConfiguration section */
		1D1B244D1A16C78B00F9EDD7 /* Debug */ = {
			isa = XCBuildConfiguration;
			buildSettings = {
				ALWAYS_SEARCH_USER_PATHS = NO;
				CLANG_CXX_LANGUAGE_STANDARD = "gnu++0x";
				CLANG_CXX_LIBRARY = "libc++";
				CLANG_ENABLE_MODULES = YES;
				CLANG_ENABLE_OBJC_ARC = YES;
				CLANG_WARN_BOOL_CONVERSION = YES;
				CLANG_WARN_CONSTANT_CONVERSION = YES;
				CLANG_WARN_DIRECT_OBJC_ISA_USAGE = YES_ERROR;
				CLANG_WARN_EMPTY_BODY = YES;
				CLANG_WARN_ENUM_CONVERSION = YES;
				CLANG_WARN_INT_CONVERSION = YES;
				CLANG_WARN_OBJC_ROOT_CLASS = YES_ERROR;
				CLANG_WARN_UNREACHABLE_CODE = YES;
				CLANG_WARN__DUPLICATE_METHOD_MATCH = YES;
				"CODE_SIGN_IDENTITY[sdk=iphoneos*]" = "iPhone Developer";
				COPY_PHASE_STRIP = NO;
				ENABLE_STRICT_OBJC_MSGSEND = YES;
				GCC_C_LANGUAGE_STANDARD = gnu99;
				GCC_DYNAMIC_NO_PIC = NO;
				GCC_OPTIMIZATION_LEVEL = 0;
				GCC_PREPROCESSOR_DEFINITIONS = (
					"DEBUG=1",
					"$(inherited)",
				);
				GCC_SYMBOLS_PRIVATE_EXTERN = NO;
				GCC_WARN_64_TO_32_BIT_CONVERSION = YES;
				GCC_WARN_ABOUT_RETURN_TYPE = YES_ERROR;
				GCC_WARN_UNDECLARED_SELECTOR = YES;
				GCC_WARN_UNINITIALIZED_AUTOS = YES_AGGRESSIVE;
				GCC_WARN_UNUSED_FUNCTION = YES;
				GCC_WARN_UNUSED_VARIABLE = YES;
				IPHONEOS_DEPLOYMENT_TARGET = 8.1;
				MTL_ENABLE_DEBUG_INFO = YES;
				ONLY_ACTIVE_ARCH = YES;
				SDKROOT = iphoneos;
				SWIFT_OPTIMIZATION_LEVEL = "-Onone";
			};
			name = Debug;
		};
		1D1B244E1A16C78B00F9EDD7 /* Release */ = {
			isa = XCBuildConfiguration;
			buildSettings = {
				ALWAYS_SEARCH_USER_PATHS = NO;
				CLANG_CXX_LANGUAGE_STANDARD = "gnu++0x";
				CLANG_CXX_LIBRARY = "libc++";
				CLANG_ENABLE_MODULES = YES;
				CLANG_ENABLE_OBJC_ARC = YES;
				CLANG_WARN_BOOL_CONVERSION = YES;
				CLANG_WARN_CONSTANT_CONVERSION = YES;
				CLANG_WARN_DIRECT_OBJC_ISA_USAGE = YES_ERROR;
				CLANG_WARN_EMPTY_BODY = YES;
				CLANG_WARN_ENUM_CONVERSION = YES;
				CLANG_WARN_INT_CONVERSION = YES;
				CLANG_WARN_OBJC_ROOT_CLASS = YES_ERROR;
				CLANG_WARN_UNREACHABLE_CODE = YES;
				CLANG_WARN__DUPLICATE_METHOD_MATCH = YES;
				"CODE_SIGN_IDENTITY[sdk=iphoneos*]" = "iPhone Developer";
				COPY_PHASE_STRIP = YES;
				ENABLE_NS_ASSERTIONS = NO;
				ENABLE_STRICT_OBJC_MSGSEND = YES;
				GCC_C_LANGUAGE_STANDARD = gnu99;
				GCC_WARN_64_TO_32_BIT_CONVERSION = YES;
				GCC_WARN_ABOUT_RETURN_TYPE = YES_ERROR;
				GCC_WARN_UNDECLARED_SELECTOR = YES;
				GCC_WARN_UNINITIALIZED_AUTOS = YES_AGGRESSIVE;
				GCC_WARN_UNUSED_FUNCTION = YES;
				GCC_WARN_UNUSED_VARIABLE = YES;
				IPHONEOS_DEPLOYMENT_TARGET = 8.1;
				MTL_ENABLE_DEBUG_INFO = NO;
				SDKROOT = iphoneos;
				VALIDATE_PRODUCT = YES;
			};
			name = Release;
		};
		1D1B24501A16C78B00F9EDD7 /* Debug */ = {
			isa = XCBuildConfiguration;
			buildSettings = {
				ASSETCATALOG_COMPILER_APPICON_NAME = AppIcon;
				INFOPLIST_FILE = PublicLibraryDemo/Info.plist;
				LD_RUNPATH_SEARCH_PATHS = "$(inherited) @executable_path/Frameworks";
				PRODUCT_NAME = "$(TARGET_NAME)";
			};
			name = Debug;
		};
		1D1B24511A16C78B00F9EDD7 /* Release */ = {
			isa = XCBuildConfiguration;
			buildSettings = {
				ASSETCATALOG_COMPILER_APPICON_NAME = AppIcon;
				INFOPLIST_FILE = PublicLibraryDemo/Info.plist;
				LD_RUNPATH_SEARCH_PATHS = "$(inherited) @executable_path/Frameworks";
				PRODUCT_NAME = "$(TARGET_NAME)";
			};
			name = Release;
		};
		1D1B24531A16C78B00F9EDD7 /* Debug */ = {
			isa = XCBuildConfiguration;
			buildSettings = {
				BUNDLE_LOADER = "$(TEST_HOST)";
				FRAMEWORK_SEARCH_PATHS = (
					"$(SDKROOT)/Developer/Library/Frameworks",
					"$(inherited)",
				);
				GCC_PREPROCESSOR_DEFINITIONS = (
					"DEBUG=1",
					"$(inherited)",
				);
				INFOPLIST_FILE = PublicLibraryDemoTests/Info.plist;
				LD_RUNPATH_SEARCH_PATHS = "$(inherited) @executable_path/Frameworks @loader_path/Frameworks";
				PRODUCT_NAME = "$(TARGET_NAME)";
				TEST_HOST = "$(BUILT_PRODUCTS_DIR)/PublicLibraryDemo.app/PublicLibraryDemo";
			};
			name = Debug;
		};
		1D1B24541A16C78B00F9EDD7 /* Release */ = {
			isa = XCBuildConfiguration;
			buildSettings = {
				BUNDLE_LOADER = "$(TEST_HOST)";
				FRAMEWORK_SEARCH_PATHS = (
					"$(SDKROOT)/Developer/Library/Frameworks",
					"$(inherited)",
				);
				INFOPLIST_FILE = PublicLibraryDemoTests/Info.plist;
				LD_RUNPATH_SEARCH_PATHS = "$(inherited) @executable_path/Frameworks @loader_path/Frameworks";
				PRODUCT_NAME = "$(TARGET_NAME)";
				TEST_HOST = "$(BUILT_PRODUCTS_DIR)/PublicLibraryDemo.app/PublicLibraryDemo";
			};
			name = Release;
		};
/* End XCBuildConfiguration section */

/* Begin XCConfigurationList section */
		1D1B242B1A16C78A00F9EDD7 /* Build configuration list for PBXProject "PublicLibraryDemo" */ = {
			isa = XCConfigurationList;
			buildConfigurations = (
				1D1B244D1A16C78B00F9EDD7 /* Debug */,
				1D1B244E1A16C78B00F9EDD7 /* Release */,
			);
			defaultConfigurationIsVisible = 0;
			defaultConfigurationName = Release;
		};
		1D1B244F1A16C78B00F9EDD7 /* Build configuration list for PBXNativeTarget "PublicLibraryDemo" */ = {
			isa = XCConfigurationList;
			buildConfigurations = (
				1D1B24501A16C78B00F9EDD7 /* Debug */,
				1D1B24511A16C78B00F9EDD7 /* Release */,
			);
			defaultConfigurationIsVisible = 0;
			defaultConfigurationName = Release;
		};
		1D1B24521A16C78B00F9EDD7 /* Build configuration list for PBXNativeTarget "PublicLibraryDemoTests" */ = {
			isa = XCConfigurationList;
			buildConfigurations = (
				1D1B24531A16C78B00F9EDD7 /* Debug */,
				1D1B24541A16C78B00F9EDD7 /* Release */,
			);
			defaultConfigurationIsVisible = 0;
			defaultConfigurationName = Release;
		};
/* End XCConfigurationList section */
	};
	rootObject = 1D1B24281A16C78A00F9EDD7 /* Project object */;
}
